
Microsoft Visual Studio Solution File, Format Version 12.00
# Visual Studio Version 16
VisualStudioVersion = 16.0.32407.337
MinimumVisualStudioVersion = 10.0.40219.1
Project("{FAE04EC0-301F-11D3-BF4B-00C04F79EFBC}") = "EnergyAPI", "EnergyAPI\EnergyAPI.csproj", "{2BA16086-F557-4803-B684-7FC244558712}"
EndProject
Global
	GlobalSection(SolutionConfigurationPlatforms) = preSolution
		Debug|Any CPU = Debug|Any CPU
		Release|Any CPU = Release|Any CPU
	EndGlobalSection
	GlobalSection(ProjectConfigurationPlatforms) = postSolution
		{2BA16086-F557-4803-B684-7FC244558712}.Debug|Any CPU.ActiveCfg = Debug|Any CPU
		{2BA16086-F557-4803-B684-7FC244558712}.Debug|Any CPU.Build.0 = Debug|Any CPU
		{2BA16086-F557-4803-B684-7FC244558712}.Release|Any CPU.ActiveCfg = Release|Any CPU
		{2BA16086-F557-4803-B684-7FC244558712}.Release|Any CPU.Build.0 = Release|Any CPU
	EndGlobalSection
	GlobalSection(SolutionProperties) = preSolution
		HideSolutionNode = FALSE
	EndGlobalSection
	GlobalSection(ExtensibilityGlobals) = postSolution
		SolutionGuid = {C154C724-DE1D-42E8-91FB-754F63078CEC}
	EndGlobalSection
EndGlobal
